// !$*UTF8*$!
{
	archiveVersion = 1;
	classes = {
	};
	objectVersion = 56;
	objects = {

/* Begin PBXBuildFile section */
		A10000000000000000000001 /* IOSBleFeasibilityApp.swift in Sources */ = {isa = PBXBuildFile; fileRef = A20000000000000000000001 /* IOSBleFeasibilityApp.swift */; };
		A10000000000000000000002 /* ContentView.swift in Sources */ = {isa = PBXBuildFile; fileRef = A20000000000000000000002 /* ContentView.swift */; };
		A10000000000000000000003 /* BLEUUIDs.swift in Sources */ = {isa = PBXBuildFile; fileRef = A20000000000000000000003 /* BLEUUIDs.swift */; };
		A10000000000000000000004 /* BLETestManager.swift in Sources */ = {isa = PBXBuildFile; fileRef = A20000000000000000000004 /* BLETestManager.swift */; };
		A10000000000000000000005 /* Assets.xcassets in Resources */ = {isa = PBXBuildFile; fileRef = A20000000000000000000007 /* Assets.xcassets */; };
		A10000000000000000000006 /* FullLyricsView.swift in Sources */ = {isa = PBXBuildFile; fileRef = A20000000000000000000008 /* FullLyricsView.swift */; };
		A10000000000000000000007 /* DebugToolsView.swift in Sources */ = {isa = PBXBuildFile; fileRef = A20000000000000000000009 /* DebugToolsView.swift */; };
		A10000000000000000000008 /* AppLogStore.swift in Sources */ = {isa = PBXBuildFile; fileRef = A20000000000000000000010 /* AppLogStore.swift */; };
		B10000000000000000000001 /* SonyMusicActivityAttributes.swift in Sources */ = {isa = PBXBuildFile; fileRef = B20000000000000000000001 /* SonyMusicActivityAttributes.swift */; };
		B10000000000000000000002 /* LiveActivityManager.swift in Sources */ = {isa = PBXBuildFile; fileRef = B20000000000000000000002 /* LiveActivityManager.swift */; };
		B10000000000000000000003 /* SonyMusicLiveActivityExtensionBundle.swift in Sources */ = {isa = PBXBuildFile; fileRef = B20000000000000000000004 /* SonyMusicLiveActivityExtensionBundle.swift */; };
		B10000000000000000000004 /* SonyMusicLiveActivityWidget.swift in Sources */ = {isa = PBXBuildFile; fileRef = B20000000000000000000005 /* SonyMusicLiveActivityWidget.swift */; };
		B10000000000000000000005 /* SonyMusicActivityAttributes.swift in Sources */ = {isa = PBXBuildFile; fileRef = B20000000000000000000001 /* SonyMusicActivityAttributes.swift */; };
		B10000000000000000000006 /* SonyMusicLiveActivityExtension.appex in Embed App Extensions */ = {isa = PBXBuildFile; fileRef = B20000000000000000000007 /* SonyMusicLiveActivityExtension.appex */; settings = {ATTRIBUTES = (RemoveHeadersOnCopy, ); }; };
/* End PBXBuildFile section */

/* Begin PBXContainerItemProxy section */
		B80000000000000000000001 /* PBXContainerItemProxy */ = {
			isa = PBXContainerItemProxy;
			containerPortal = A60000000000000000000001 /* Project object */;
			proxyType = 1;
			remoteGlobalIDString = B50000000000000000000001;
			remoteInfo = SonyMusicLiveActivityExtension;
		};
/* End PBXContainerItemProxy section */

/* Begin PBXCopyFilesBuildPhase section */
		B30000000000000000000004 /* Embed App Extensions */ = {
			isa = PBXCopyFilesBuildPhase;
			buildActionMask = 2147483647;
			dstPath = "";
			dstSubfolderSpec = 13;
			files = (
				B10000000000000000000006 /* SonyMusicLiveActivityExtension.appex in Embed App Extensions */,
			);
			name = "Embed App Extensions";
			runOnlyForDeploymentPostprocessing = 0;
		};
/* End PBXCopyFilesBuildPhase section */

/* Begin PBXFileReference section */
		A20000000000000000000001 /* IOSBleFeasibilityApp.swift */ = {isa = PBXFileReference; lastKnownFileType = sourcecode.swift; path = IOSBleFeasibilityApp.swift; sourceTree = "<group>"; };
		A20000000000000000000002 /* ContentView.swift */ = {isa = PBXFileReference; lastKnownFileType = sourcecode.swift; path = ContentView.swift; sourceTree = "<group>"; };
		A20000000000000000000003 /* BLEUUIDs.swift */ = {isa = PBXFileReference; lastKnownFileType = sourcecode.swift; path = BLEUUIDs.swift; sourceTree = "<group>"; };
		A20000000000000000000004 /* BLETestManager.swift */ = {isa = PBXFileReference; lastKnownFileType = sourcecode.swift; path = BLETestManager.swift; sourceTree = "<group>"; };
		A20000000000000000000005 /* Info.plist */ = {isa = PBXFileReference; lastKnownFileType = text.plist.xml; path = Info.plist; sourceTree = "<group>"; };
		A20000000000000000000006 /* sonyMusic.app */ = {isa = PBXFileReference; explicitFileType = wrapper.application; includeInIndex = 0; path = sonyMusic.app; sourceTree = BUILT_PRODUCTS_DIR; };
		A20000000000000000000007 /* Assets.xcassets */ = {isa = PBXFileReference; lastKnownFileType = folder.assetcatalog; path = Assets.xcassets; sourceTree = "<group>"; };
		A20000000000000000000008 /* FullLyricsView.swift */ = {isa = PBXFileReference; lastKnownFileType = sourcecode.swift; path = FullLyricsView.swift; sourceTree = "<group>"; };
		A20000000000000000000009 /* DebugToolsView.swift */ = {isa = PBXFileReference; lastKnownFileType = sourcecode.swift; path = DebugToolsView.swift; sourceTree = "<group>"; };
		A20000000000000000000010 /* AppLogStore.swift */ = {isa = PBXFileReference; lastKnownFileType = sourcecode.swift; path = AppLogStore.swift; sourceTree = "<group>"; };
		B20000000000000000000001 /* SonyMusicActivityAttributes.swift */ = {isa = PBXFileReference; lastKnownFileType = sourcecode.swift; path = SonyMusicActivityAttributes.swift; sourceTree = "<group>"; };
		B20000000000000000000002 /* LiveActivityManager.swift */ = {isa = PBXFileReference; lastKnownFileType = sourcecode.swift; path = LiveActivityManager.swift; sourceTree = "<group>"; };
		B20000000000000000000004 /* SonyMusicLiveActivityExtensionBundle.swift */ = {isa = PBXFileReference; lastKnownFileType = sourcecode.swift; path = SonyMusicLiveActivityExtensionBundle.swift; sourceTree = "<group>"; };
		B20000000000000000000005 /* SonyMusicLiveActivityWidget.swift */ = {isa = PBXFileReference; lastKnownFileType = sourcecode.swift; path = SonyMusicLiveActivityWidget.swift; sourceTree = "<group>"; };
		B20000000000000000000006 /* Info.plist */ = {isa = PBXFileReference; lastKnownFileType = text.plist.xml; path = Info.plist; sourceTree = "<group>"; };
		B20000000000000000000007 /* SonyMusicLiveActivityExtension.appex */ = {isa = PBXFileReference; explicitFileType = "wrapper.app-extension"; includeInIndex = 0; path = SonyMusicLiveActivityExtension.appex; sourceTree = BUILT_PRODUCTS_DIR; };
/* End PBXFileReference section */

/* Begin PBXFrameworksBuildPhase section */
		A30000000000000000000001 /* Frameworks */ = {
			isa = PBXFrameworksBuildPhase;
			buildActionMask = 2147483647;
			files = (
			);
			runOnlyForDeploymentPostprocessing = 0;
		};
		B30000000000000000000001 /* Frameworks */ = {
			isa = PBXFrameworksBuildPhase;
			buildActionMask = 2147483647;
			files = (
			);
			runOnlyForDeploymentPostprocessing = 0;
		};
/* End PBXFrameworksBuildPhase section */

/* Begin PBXGroup section */
		A40000000000000000000001 = {
			isa = PBXGroup;
			children = (
				A40000000000000000000002 /* IOSBleFeasibility */,
				B40000000000000000000001 /* SonyMusicLiveActivityExtension */,
				A40000000000000000000003 /* Products */,
			);
			sourceTree = "<group>";
		};
		A40000000000000000000002 /* IOSBleFeasibility */ = {
			isa = PBXGroup;
			children = (
				A20000000000000000000001 /* IOSBleFeasibilityApp.swift */,
				A20000000000000000000002 /* ContentView.swift */,
				A20000000000000000000008 /* FullLyricsView.swift */,
				A20000000000000000000009 /* DebugToolsView.swift */,
				B20000000000000000000001 /* SonyMusicActivityAttributes.swift */,
				B20000000000000000000002 /* LiveActivityManager.swift */,
				A20000000000000000000010 /* AppLogStore.swift */,
				A20000000000000000000003 /* BLEUUIDs.swift */,
				A20000000000000000000004 /* BLETestManager.swift */,
				A20000000000000000000005 /* Info.plist */,
				A20000000000000000000007 /* Assets.xcassets */,
			);
			path = IOSBleFeasibility;
			sourceTree = "<group>";
		};
		A40000000000000000000003 /* Products */ = {
			isa = PBXGroup;
			children = (
				A20000000000000000000006 /* sonyMusic.app */,
				B20000000000000000000007 /* SonyMusicLiveActivityExtension.appex */,
			);
			name = Products;
			sourceTree = "<group>";
		};
		B40000000000000000000001 /* SonyMusicLiveActivityExtension */ = {
			isa = PBXGroup;
			children = (
				B20000000000000000000004 /* SonyMusicLiveActivityExtensionBundle.swift */,
				B20000000000000000000005 /* SonyMusicLiveActivityWidget.swift */,
				B20000000000000000000006 /* Info.plist */,
			);
			path = SonyMusicLiveActivityExtension;
			sourceTree = "<group>";
		};
/* End PBXGroup section */

/* Begin PBXNativeTarget section */
		A50000000000000000000001 /* sonyMusic */ = {
			isa = PBXNativeTarget;
			buildConfigurationList = A90000000000000000000002 /* Build configuration list for PBXNativeTarget "sonyMusic" */;
			buildPhases = (
				A30000000000000000000002 /* Sources */,
				A30000000000000000000001 /* Frameworks */,
				A30000000000000000000003 /* Resources */,
				B30000000000000000000004 /* Embed App Extensions */,
			);
			buildRules = (
			);
			dependencies = (
				B80000000000000000000002 /* PBXTargetDependency */,
			);
			name = sonyMusic;
			productName = IOSBleFeasibility;
			productReference = A20000000000000000000006 /* sonyMusic.app */;
			productType = "com.apple.product-type.application";
		};
		B50000000000000000000001 /* SonyMusicLiveActivityExtension */ = {
			isa = PBXNativeTarget;
			buildConfigurationList = B90000000000000000000003 /* Build configuration list for PBXNativeTarget "SonyMusicLiveActivityExtension" */;
			buildPhases = (
				B30000000000000000000002 /* Sources */,
				B30000000000000000000001 /* Frameworks */,
				B30000000000000000000003 /* Resources */,
			);
			buildRules = (
			);
			dependencies = (
			);
			name = SonyMusicLiveActivityExtension;
			productName = SonyMusicLiveActivityExtension;
			productReference = B20000000000000000000007 /* SonyMusicLiveActivityExtension.appex */;
			productType = "com.apple.product-type.app-extension";
		};
/* End PBXNativeTarget section */

/* Begin PBXProject section */
		A60000000000000000000001 /* Project object */ = {
			isa = PBXProject;
			attributes = {
				BuildIndependentTargetsInParallel = 1;
				LastSwiftUpdateCheck = 1620;
				LastUpgradeCheck = 1620;
				TargetAttributes = {
					A50000000000000000000001 = {
						CreatedOnToolsVersion = 16.2;
					};
					B50000000000000000000001 = {
						CreatedOnToolsVersion = 16.2;
					};
				};
			};
			buildConfigurationList = A90000000000000000000001 /* Build configuration list for PBXProject "IOSBleFeasibility" */;
			compatibilityVersion = "Xcode 14.0";
			developmentRegion = en;
			hasScannedForEncodings = 0;
			knownRegions = (
				en,
				Base,
			);
			mainGroup = A40000000000000000000001;
			productRefGroup = A40000000000000000000003 /* Products */;
			projectDirPath = "";
			projectRoot = "";
			targets = (
				A50000000000000000000001 /* sonyMusic */,
				B50000000000000000000001 /* SonyMusicLiveActivityExtension */,
			);
		};
/* End PBXProject section */

/* Begin PBXResourcesBuildPhase section */
		A30000000000000000000003 /* Resources */ = {
			isa = PBXResourcesBuildPhase;
			buildActionMask = 2147483647;
			files = (
				A10000000000000000000005 /* Assets.xcassets in Resources */,
			);
			runOnlyForDeploymentPostprocessing = 0;
		};
		B30000000000000000000003 /* Resources */ = {
			isa = PBXResourcesBuildPhase;
			buildActionMask = 2147483647;
			files = (
			);
			runOnlyForDeploymentPostprocessing = 0;
		};
/* End PBXResourcesBuildPhase section */

/* Begin PBXSourcesBuildPhase section */
		A30000000000000000000002 /* Sources */ = {
			isa = PBXSourcesBuildPhase;
			buildActionMask = 2147483647;
			files = (
				A10000000000000000000001 /* IOSBleFeasibilityApp.swift in Sources */,
				A10000000000000000000002 /* ContentView.swift in Sources */,
				A10000000000000000000006 /* FullLyricsView.swift in Sources */,
				A10000000000000000000007 /* DebugToolsView.swift in Sources */,
				B10000000000000000000001 /* SonyMusicActivityAttributes.swift in Sources */,
				B10000000000000000000002 /* LiveActivityManager.swift in Sources */,
				A10000000000000000000008 /* AppLogStore.swift in Sources */,
				A10000000000000000000003 /* BLEUUIDs.swift in Sources */,
				A10000000000000000000004 /* BLETestManager.swift in Sources */,
			);
			runOnlyForDeploymentPostprocessing = 0;
		};
		B30000000000000000000002 /* Sources */ = {
			isa = PBXSourcesBuildPhase;
			buildActionMask = 2147483647;
			files = (
				B10000000000000000000003 /* SonyMusicLiveActivityExtensionBundle.swift in Sources */,
				B10000000000000000000004 /* SonyMusicLiveActivityWidget.swift in Sources */,
				B10000000000000000000005 /* SonyMusicActivityAttributes.swift in Sources */,
			);
			runOnlyForDeploymentPostprocessing = 0;
		};
/* End PBXSourcesBuildPhase section */

/* Begin PBXTargetDependency section */
		B80000000000000000000002 /* PBXTargetDependency */ = {
			isa = PBXTargetDependency;
			target = B50000000000000000000001 /* SonyMusicLiveActivityExtension */;
			targetProxy = B80000000000000000000001 /* PBXContainerItemProxy */;
		};
/* End PBXTargetDependency section */

/* Begin XCBuildConfiguration section */
		A70000000000000000000001 /* Debug */ = {
			isa = XCBuildConfiguration;
			buildSettings = {
				ALWAYS_SEARCH_USER_PATHS = NO;
				CLANG_ENABLE_MODULES = YES;
				CLANG_ENABLE_OBJC_ARC = YES;
				CLANG_WARN_BOOL_CONVERSION = YES;
				CLANG_WARN_CONSTANT_CONVERSION = YES;
				CLANG_WARN_DOCUMENTATION_COMMENTS = YES;
				CLANG_WARN_EMPTY_BODY = YES;
				CLANG_WARN_ENUM_CONVERSION = YES;
				CLANG_WARN_INFINITE_RECURSION = YES;
				CLANG_WARN_INT_CONVERSION = YES;
				CLANG_WARN_NON_LITERAL_NULL_CONVERSION = YES;
				CLANG_WARN_OBJC_IMPLICIT_RETAIN_SELF = YES;
				CLANG_WARN_OBJC_LITERAL_CONVERSION = YES;
				CLANG_WARN_OBJC_ROOT_CLASS = YES_ERROR;
				CLANG_WARN_QUOTED_INCLUDE_IN_FRAMEWORK_HEADER = YES;
				CLANG_WARN_RANGE_LOOP_ANALYSIS = YES;
				CLANG_WARN_STRICT_PROTOTYPES = YES;
				CLANG_WARN_SUSPICIOUS_MOVE = YES;
				CLANG_WARN_UNGUARDED_AVAILABILITY = YES_AGGRESSIVE;
				DEBUG_INFORMATION_FORMAT = dwarf;
				ENABLE_TESTABILITY = YES;
				GCC_C_LANGUAGE_STANDARD = gnu17;
				GCC_NO_COMMON_BLOCKS = YES;
				GCC_OPTIMIZATION_LEVEL = 0;
				GCC_PREPROCESSOR_DEFINITIONS = (
					"DEBUG=1",
					"$(inherited)",
				);
				GCC_WARN_64_TO_32_BIT_CONVERSION = YES;
				GCC_WARN_ABOUT_RETURN_TYPE = YES_ERROR;
				GCC_WARN_UNDECLARED_SELECTOR = YES;
				GCC_WARN_UNINITIALIZED_AUTOS = YES_AGGRESSIVE;
				GCC_WARN_UNUSED_FUNCTION = YES;
				GCC_WARN_UNUSED_VARIABLE = YES;
				IPHONEOS_DEPLOYMENT_TARGET = 17.0;
				ONLY_ACTIVE_ARCH = YES;
				SDKROOT = iphoneos;
				SWIFT_ACTIVE_COMPILATION_CONDITIONS = "DEBUG $(inherited)";
				SWIFT_OPTIMIZATION_LEVEL = "-Onone";
			};
			name = Debug;
		};
		A70000000000000000000002 /* Release */ = {
			isa = XCBuildConfiguration;
			buildSettings = {
				ALWAYS_SEARCH_USER_PATHS = NO;
				CLANG_ENABLE_MODULES = YES;
				CLANG_ENABLE_OBJC_ARC = YES;
				CLANG_WARN_BOOL_CONVERSION = YES;
				CLANG_WARN_CONSTANT_CONVERSION = YES;
				CLANG_WARN_DOCUMENTATION_COMMENTS = YES;
				CLANG_WARN_EMPTY_BODY = YES;
				CLANG_WARN_ENUM_CONVERSION = YES;
				CLANG_WARN_INFINITE_RECURSION = YES;
				CLANG_WARN_INT_CONVERSION = YES;
				CLANG_WARN_NON_LITERAL_NULL_CONVERSION = YES;
				CLANG_WARN_OBJC_IMPLICIT_RETAIN_SELF = YES;
				CLANG_WARN_OBJC_LITERAL_CONVERSION = YES;
				CLANG_WARN_OBJC_ROOT_CLASS = YES_ERROR;
				CLANG_WARN_QUOTED_INCLUDE_IN_FRAMEWORK_HEADER = YES;
				CLANG_WARN_RANGE_LOOP_ANALYSIS = YES;
				CLANG_WARN_STRICT_PROTOTYPES = YES;
				CLANG_WARN_SUSPICIOUS_MOVE = YES;
				CLANG_WARN_UNGUARDED_AVAILABILITY = YES_AGGRESSIVE;
				DEBUG_INFORMATION_FORMAT = "dwarf-with-dsym";
				GCC_C_LANGUAGE_STANDARD = gnu17;
				GCC_NO_COMMON_BLOCKS = YES;
				GCC_WARN_64_TO_32_BIT_CONVERSION = YES;
				GCC_WARN_ABOUT_RETURN_TYPE = YES_ERROR;
				GCC_WARN_UNDECLARED_SELECTOR = YES;
				GCC_WARN_UNINITIALIZED_AUTOS = YES_AGGRESSIVE;
				GCC_WARN_UNUSED_FUNCTION = YES;
				GCC_WARN_UNUSED_VARIABLE = YES;
				IPHONEOS_DEPLOYMENT_TARGET = 17.0;
				SDKROOT = iphoneos;
				SWIFT_COMPILATION_MODE = wholemodule;
				SWIFT_OPTIMIZATION_LEVEL = "-O";
			};
			name = Release;
		};
		A70000000000000000000003 /* Debug */ = {
			isa = XCBuildConfiguration;
			buildSettings = {
				ASSETCATALOG_COMPILER_APPICON_NAME = AppIcon;
				ASSETCATALOG_COMPILER_GENERATE_SWIFT_ASSET_SYMBOL_EXTENSIONS = YES;
				CODE_SIGN_STYLE = Automatic;
				CURRENT_PROJECT_VERSION = 1;
				DEVELOPMENT_TEAM = 98K7KHA6Z7;
				GENERATE_INFOPLIST_FILE = NO;
				INFOPLIST_FILE = IOSBleFeasibility/Info.plist;
				IPHONEOS_DEPLOYMENT_TARGET = 18.0;
				LD_RUNPATH_SEARCH_PATHS = (
					"$(inherited)",
					"@executable_path/Frameworks",
				);
				MARKETING_VERSION = 1.0;
				PRODUCT_BUNDLE_IDENTIFIER = com.sqz.IOSBleFeasibility;
				PRODUCT_NAME = "$(TARGET_NAME)";
				SUPPORTED_PLATFORMS = "iphoneos iphonesimulator";
				SUPPORTS_MACCATALYST = NO;
				SWIFT_EMIT_LOC_STRINGS = YES;
				SWIFT_VERSION = 5.0;
				TARGETED_DEVICE_FAMILY = 1;
			};
			name = Debug;
		};
		A70000000000000000000004 /* Release */ = {
			isa = XCBuildConfiguration;
			buildSettings = {
				ASSETCATALOG_COMPILER_APPICON_NAME = AppIcon;
				ASSETCATALOG_COMPILER_GENERATE_SWIFT_ASSET_SYMBOL_EXTENSIONS = YES;
				CODE_SIGN_STYLE = Automatic;
				CURRENT_PROJECT_VERSION = 1;
				DEVELOPMENT_TEAM = 98K7KHA6Z7;
				GENERATE_INFOPLIST_FILE = NO;
				INFOPLIST_FILE = IOSBleFeasibility/Info.plist;
				IPHONEOS_DEPLOYMENT_TARGET = 18.0;
				LD_RUNPATH_SEARCH_PATHS = (
					"$(inherited)",
					"@executable_path/Frameworks",
				);
				MARKETING_VERSION = 1.0;
				PRODUCT_BUNDLE_IDENTIFIER = com.sqz.IOSBleFeasibility;
				PRODUCT_NAME = "$(TARGET_NAME)";
				SUPPORTED_PLATFORMS = "iphoneos iphonesimulator";
				SUPPORTS_MACCATALYST = NO;
				SWIFT_EMIT_LOC_STRINGS = YES;
				SWIFT_VERSION = 5.0;
				TARGETED_DEVICE_FAMILY = 1;
			};
			name = Release;
		};
		B70000000000000000000001 /* Debug */ = {
			isa = XCBuildConfiguration;
			buildSettings = {
				CODE_SIGN_STYLE = Automatic;
				CURRENT_PROJECT_VERSION = 1;
				DEVELOPMENT_TEAM = 98K7KHA6Z7;
				GENERATE_INFOPLIST_FILE = NO;
				INFOPLIST_FILE = SonyMusicLiveActivityExtension/Info.plist;
				IPHONEOS_DEPLOYMENT_TARGET = 18.0;
				LD_RUNPATH_SEARCH_PATHS = (
					"$(inherited)",
					"@executable_path/Frameworks",
					"@executable_path/../../Frameworks",
				);
				MARKETING_VERSION = 1.0;
				PRODUCT_BUNDLE_IDENTIFIER = com.sqz.IOSBleFeasibility.SonyMusicLiveActivityExtension;
				PRODUCT_NAME = "$(TARGET_NAME)";
				SKIP_INSTALL = YES;
				SUPPORTED_PLATFORMS = "iphoneos iphonesimulator";
				SUPPORTS_MACCATALYST = NO;
				SWIFT_EMIT_LOC_STRINGS = YES;
				SWIFT_VERSION = 5.0;
				TARGETED_DEVICE_FAMILY = 1;
			};
			name = Debug;
		};
		B70000000000000000000002 /* Release */ = {
			isa = XCBuildConfiguration;
			buildSettings = {
				CODE_SIGN_STYLE = Automatic;
				CURRENT_PROJECT_VERSION = 1;
				DEVELOPMENT_TEAM = 98K7KHA6Z7;
				GENERATE_INFOPLIST_FILE = NO;
				INFOPLIST_FILE = SonyMusicLiveActivityExtension/Info.plist;
				IPHONEOS_DEPLOYMENT_TARGET = 18.0;
				LD_RUNPATH_SEARCH_PATHS = (
					"$(inherited)",
					"@executable_path/Frameworks",
					"@executable_path/../../Frameworks",
				);
				MARKETING_VERSION = 1.0;
				PRODUCT_BUNDLE_IDENTIFIER = com.sqz.IOSBleFeasibility.SonyMusicLiveActivityExtension;
				PRODUCT_NAME = "$(TARGET_NAME)";
				SKIP_INSTALL = YES;
				SUPPORTED_PLATFORMS = "iphoneos iphonesimulator";
				SUPPORTS_MACCATALYST = NO;
				SWIFT_COMPILATION_MODE = wholemodule;
				SWIFT_EMIT_LOC_STRINGS = YES;
				SWIFT_OPTIMIZATION_LEVEL = "-O";
				SWIFT_VERSION = 5.0;
				TARGETED_DEVICE_FAMILY = 1;
			};
			name = Release;
		};
/* End XCBuildConfiguration section */

/* Begin XCConfigurationList section */
		A90000000000000000000001 /* Build configuration list for PBXProject "IOSBleFeasibility" */ = {
			isa = XCConfigurationList;
			buildConfigurations = (
				A70000000000000000000001 /* Debug */,
				A70000000000000000000002 /* Release */,
			);
			defaultConfigurationIsVisible = 0;
			defaultConfigurationName = Release;
		};
		A90000000000000000000002 /* Build configuration list for PBXNativeTarget "sonyMusic" */ = {
			isa = XCConfigurationList;
			buildConfigurations = (
				A70000000000000000000003 /* Debug */,
				A70000000000000000000004 /* Release */,
			);
			defaultConfigurationIsVisible = 0;
			defaultConfigurationName = Release;
		};
		B90000000000000000000003 /* Build configuration list for PBXNativeTarget "SonyMusicLiveActivityExtension" */ = {
			isa = XCConfigurationList;
			buildConfigurations = (
				B70000000000000000000001 /* Debug */,
				B70000000000000000000002 /* Release */,
			);
			defaultConfigurationIsVisible = 0;
			defaultConfigurationName = Release;
		};
/* End XCConfigurationList section */
	};
	rootObject = A60000000000000000000001 /* Project object */;
}
